// !$*UTF8*$!
{
	archiveVersion = 1;
	classes = {
	};
	objectVersion = 52;
	objects = {

/* Begin PBXBuildFile section */
		C649E5D02728F66F0086E5CC /* FirebaseAuth in Frameworks */ = {isa = PBXBuildFile; productRef = C649E5CF2728F66F0086E5CC /* FirebaseAuth */; };
		C649E5D22728F66F0086E5CC /* FirebaseStorage in Frameworks */ = {isa = PBXBuildFile; productRef = C649E5D12728F66F0086E5CC /* FirebaseStorage */; };
		C68847D0272795FF001B5E9B /* FirebaseRealTimeChatDemoApp.swift in Sources */ = {isa = PBXBuildFile; fileRef = C68847CF272795FF001B5E9B /* FirebaseRealTimeChatDemoApp.swift */; };
		C68847D2272795FF001B5E9B /* LoginView.swift in Sources */ = {isa = PBXBuildFile; fileRef = C68847D1272795FF001B5E9B /* LoginView.swift */; };
		C68847D427279600001B5E9B /* Assets.xcassets in Resources */ = {isa = PBXBuildFile; fileRef = C68847D327279600001B5E9B /* Assets.xcassets */; };
		C68847D727279600001B5E9B /* Preview Assets.xcassets in Resources */ = {isa = PBXBuildFile; fileRef = C68847D627279600001B5E9B /* Preview Assets.xcassets */; };
		C6D5CC062728F93700A8AFF8 /* GoogleService-Info.plist in Resources */ = {isa = PBXBuildFile; fileRef = C6D5CC052728F93700A8AFF8 /* GoogleService-Info.plist */; };
/* End PBXBuildFile section */

/* Begin PBXFileReference section */
		C68847CC272795FF001B5E9B /* FirebaseRealTimeChatDemo.app */ = {isa = PBXFileReference; explicitFileType = wrapper.application; includeInIndex = 0; path = FirebaseRealTimeChatDemo.app; sourceTree = BUILT_PRODUCTS_DIR; };
		C68847CF272795FF001B5E9B /* FirebaseRealTimeChatDemoApp.swift */ = {isa = PBXFileReference; lastKnownFileType = sourcecode.swift; path = FirebaseRealTimeChatDemoApp.swift; sourceTree = "<group>"; };
		C68847D1272795FF001B5E9B /* LoginView.swift */ = {isa = PBXFileReference; lastKnownFileType = sourcecode.swift; path = LoginView.swift; sourceTree = "<group>"; };
		C68847D327279600001B5E9B /* Assets.xcassets */ = {isa = PBXFileReference; lastKnownFileType = folder.assetcatalog; path = Assets.xcassets; sourceTree = "<group>"; };
		C68847D627279600001B5E9B /* Preview Assets.xcassets */ = {isa = PBXFileReference; lastKnownFileType = folder.assetcatalog; path = "Preview Assets.xcassets"; sourceTree = "<group>"; };
		C68847D827279600001B5E9B /* Info.plist */ = {isa = PBXFileReference; lastKnownFileType = text.plist.xml; path = Info.plist; sourceTree = "<group>"; };
		C6D5CC052728F93700A8AFF8 /* GoogleService-Info.plist */ = {isa = PBXFileReference; fileEncoding = 4; lastKnownFileType = text.plist.xml; path = "GoogleService-Info.plist"; sourceTree = "<group>"; };
/* End PBXFileReference section */

/* Begin PBXFrameworksBuildPhase section */
		C68847C9272795FF001B5E9B /* Frameworks */ = {
			isa = PBXFrameworksBuildPhase;
			buildActionMask = 2147483647;
			files = (
				C649E5D02728F66F0086E5CC /* FirebaseAuth in Frameworks */,
				C649E5D22728F66F0086E5CC /* FirebaseStorage in Frameworks */,
			);
			runOnlyForDeploymentPostprocessing = 0;
		};
/* End PBXFrameworksBuildPhase section */

/* Begin PBXGroup section */
		C68847C3272795FF001B5E9B = {
			isa = PBXGroup;
			children = (
				C68847CE272795FF001B5E9B /* FirebaseRealTimeChatDemo */,
				C68847CD272795FF001B5E9B /* Products */,
			);
			sourceTree = "<group>";
		};
		C68847CD272795FF001B5E9B /* Products */ = {
			isa = PBXGroup;
			children = (
				C68847CC272795FF001B5E9B /* FirebaseRealTimeChatDemo.app */,
			);
			name = Products;
			sourceTree = "<group>";
		};
		C68847CE272795FF001B5E9B /* FirebaseRealTimeChatDemo */ = {
			isa = PBXGroup;
			children = (
				C6D5CC072728F93C00A8AFF8 /* Assets */,
				C68847CF272795FF001B5E9B /* FirebaseRealTimeChatDemoApp.swift */,
				C68847D1272795FF001B5E9B /* LoginView.swift */,
				C68847D827279600001B5E9B /* Info.plist */,
				C68847D527279600001B5E9B /* Preview Content */,
			);
			path = FirebaseRealTimeChatDemo;
			sourceTree = "<group>";
		};
		C68847D527279600001B5E9B /* Preview Content */ = {
			isa = PBXGroup;
			children = (
				C68847D627279600001B5E9B /* Preview Assets.xcassets */,
			);
			path = "Preview Content";
			sourceTree = "<group>";
		};
		C6D5CC072728F93C00A8AFF8 /* Assets */ = {
			isa = PBXGroup;
			children = (
				C68847D327279600001B5E9B /* Assets.xcassets */,
				C6D5CC052728F93700A8AFF8 /* GoogleService-Info.plist */,
			);
			path = Assets;
			sourceTree = "<group>";
		};
/* End PBXGroup section */

/* Begin PBXNativeTarget section */
		C68847CB272795FF001B5E9B /* FirebaseRealTimeChatDemo */ = {
			isa = PBXNativeTarget;
			buildConfigurationList = C68847DB27279600001B5E9B /* Build configuration list for PBXNativeTarget "FirebaseRealTimeChatDemo" */;
			buildPhases = (
				C68847C8272795FF001B5E9B /* Sources */,
				C68847C9272795FF001B5E9B /* Frameworks */,
				C68847CA272795FF001B5E9B /* Resources */,
			);
			buildRules = (
			);
			dependencies = (
			);
			name = FirebaseRealTimeChatDemo;
			packageProductDependencies = (
				C649E5CF2728F66F0086E5CC /* FirebaseAuth */,
				C649E5D12728F66F0086E5CC /* FirebaseStorage */,
			);
			productName = FirebaseRealTimeChatDemo;
			productReference = C68847CC272795FF001B5E9B /* FirebaseRealTimeChatDemo.app */;
			productType = "com.apple.product-type.application";
		};
/* End PBXNativeTarget section */

/* Begin PBXProject section */
		C68847C4272795FF001B5E9B /* Project object */ = {
			isa = PBXProject;
			attributes = {
				LastSwiftUpdateCheck = 1250;
				LastUpgradeCheck = 1250;
				TargetAttributes = {
					C68847CB272795FF001B5E9B = {
						CreatedOnToolsVersion = 12.5;
					};
				};
			};
			buildConfigurationList = C68847C7272795FF001B5E9B /* Build configuration list for PBXProject "FirebaseRealTimeChatDemo" */;
			compatibilityVersion = "Xcode 9.3";
			developmentRegion = en;
			hasScannedForEncodings = 0;
			knownRegions = (
				en,
				Base,
			);
			mainGroup = C68847C3272795FF001B5E9B;
			packageReferences = (
				C649E5CE2728F66F0086E5CC /* XCRemoteSwiftPackageReference "firebase-ios-sdk" */,
			);
			productRefGroup = C68847CD272795FF001B5E9B /* Products */;
			projectDirPath = "";
			projectRoot = "";
			targets = (
				C68847CB272795FF001B5E9B /* FirebaseRealTimeChatDemo */,
			);
		};
/* End PBXProject section */

/* Begin PBXResourcesBuildPhase section */
		C68847CA272795FF001B5E9B /* Resources */ = {
			isa = PBXResourcesBuildPhase;
			buildActionMask = 2147483647;
			files = (
				C68847D727279600001B5E9B /* Preview Assets.xcassets in Resources */,
				C68847D427279600001B5E9B /* Assets.xcassets in Resources */,
				C6D5CC062728F93700A8AFF8 /* GoogleService-Info.plist in Resources */,
			);
			runOnlyForDeploymentPostprocessing = 0;
		};
/* End PBXResourcesBuildPhase section */

/* Begin PBXSourcesBuildPhase section */
		C68847C8272795FF001B5E9B /* Sources */ = {
			isa = PBXSourcesBuildPhase;
			buildActionMask = 2147483647;
			files = (
				C68847D2272795FF001B5E9B /* LoginView.swift in Sources */,
				C68847D0272795FF001B5E9B /* FirebaseRealTimeChatDemoApp.swift in Sources */,
			);
			runOnlyForDeploymentPostprocessing = 0;
		};
/* End PBXSourcesBuildPhase section */

/* Begin XCBuildConfiguration section */
		C68847D927279600001B5E9B /* Debug */ = {
			isa = XCBuildConfiguration;
			buildSettings = {
				ALWAYS_SEARCH_USER_PATHS = NO;
				CLANG_ANALYZER_NONNULL = YES;
				CLANG_ANALYZER_NUMBER_OBJECT_CONVERSION = YES_AGGRESSIVE;
				CLANG_CXX_LANGUAGE_STANDARD = "gnu++14";
				CLANG_CXX_LIBRARY = "libc++";
				CLANG_ENABLE_MODULES = YES;
				CLANG_ENABLE_OBJC_ARC = YES;
				CLANG_ENABLE_OBJC_WEAK = YES;
				CLANG_WARN_BLOCK_CAPTURE_AUTORELEASING = YES;
				CLANG_WARN_BOOL_CONVERSION = YES;
				CLANG_WARN_COMMA = YES;
				CLANG_WARN_CONSTANT_CONVERSION = YES;
				CLANG_WARN_DEPRECATED_OBJC_IMPLEMENTATIONS = YES;
				CLANG_WARN_DIRECT_OBJC_ISA_USAGE = YES_ERROR;
				CLANG_WARN_DOCUMENTATION_COMMENTS = YES;
				CLANG_WARN_EMPTY_BODY = YES;
				CLANG_WARN_ENUM_CONVERSION = YES;
				CLANG_WARN_INFINITE_RECURSION = YES;
				CLANG_WARN_INT_CONVERSION = YES;
				CLANG_WARN_NON_LITERAL_NULL_CONVERSION = YES;
				CLANG_WARN_OBJC_IMPLICIT_RETAIN_SELF = YES;
				CLANG_WARN_OBJC_LITERAL_CONVERSION = YES;
				CLANG_WARN_OBJC_ROOT_CLASS = YES_ERROR;
				CLANG_WARN_QUOTED_INCLUDE_IN_FRAMEWORK_HEADER = YES;
				CLANG_WARN_RANGE_LOOP_ANALYSIS = YES;
				CLANG_WARN_STRICT_PROTOTYPES = YES;
				CLANG_WARN_SUSPICIOUS_MOVE = YES;
				CLANG_WARN_UNGUARDED_AVAILABILITY = YES_AGGRESSIVE;
				CLANG_WARN_UNREACHABLE_CODE = YES;
				CLANG_WARN__DUPLICATE_METHOD_MATCH = YES;
				COPY_PHASE_STRIP = NO;
				DEBUG_INFORMATION_FORMAT = dwarf;
				ENABLE_STRICT_OBJC_MSGSEND = YES;
				ENABLE_TESTABILITY = YES;
				GCC_C_LANGUAGE_STANDARD = gnu11;
				GCC_DYNAMIC_NO_PIC = NO;
				GCC_NO_COMMON_BLOCKS = YES;
				GCC_OPTIMIZATION_LEVEL = 0;
				GCC_PREPROCESSOR_DEFINITIONS = (
					"DEBUG=1",
					"$(inherited)",
				);
				GCC_WARN_64_TO_32_BIT_CONVERSION = YES;
				GCC_WARN_ABOUT_RETURN_TYPE = YES_ERROR;
				GCC_WARN_UNDECLARED_SELECTOR = YES;
				GCC_WARN_UNINITIALIZED_AUTOS = YES_AGGRESSIVE;
				GCC_WARN_UNUSED_FUNCTION = YES;
				GCC_WARN_UNUSED_VARIABLE = YES;
				IPHONEOS_DEPLOYMENT_TARGET = 14.5;
				MTL_ENABLE_DEBUG_INFO = INCLUDE_SOURCE;
				MTL_FAST_MATH = YES;
				ONLY_ACTIVE_ARCH = YES;
				SDKROOT = iphoneos;
				SWIFT_ACTIVE_COMPILATION_CONDITIONS = DEBUG;
				SWIFT_OPTIMIZATION_LEVEL = "-Onone";
			};
			name = Debug;
		};
		C68847DA27279600001B5E9B /* Release */ = {
			isa = XCBuildConfiguration;
			buildSettings = {
				ALWAYS_SEARCH_USER_PATHS = NO;
				CLANG_ANALYZER_NONNULL = YES;
				CLANG_ANALYZER_NUMBER_OBJECT_CONVERSION = YES_AGGRESSIVE;
				CLANG_CXX_LANGUAGE_STANDARD = "gnu++14";
				CLANG_CXX_LIBRARY = "libc++";
				CLANG_ENABLE_MODULES = YES;
				CLANG_ENABLE_OBJC_ARC = YES;
				CLANG_ENABLE_OBJC_WEAK = YES;
				CLANG_WARN_BLOCK_CAPTURE_AUTORELEASING = YES;
				CLANG_WARN_BOOL_CONVERSION = YES;
				CLANG_WARN_COMMA = YES;
				CLANG_WARN_CONSTANT_CONVERSION = YES;
				CLANG_WARN_DEPRECATED_OBJC_IMPLEMENTATIONS = YES;
				CLANG_WARN_DIRECT_OBJC_ISA_USAGE = YES_ERROR;
				CLANG_WARN_DOCUMENTATION_COMMENTS = YES;
				CLANG_WARN_EMPTY_BODY = YES;
				CLANG_WARN_ENUM_CONVERSION = YES;
				CLANG_WARN_INFINITE_RECURSION = YES;
				CLANG_WARN_INT_CONVERSION = YES;
				CLANG_WARN_NON_LITERAL_NULL_CONVERSION = YES;
				CLANG_WARN_OBJC_IMPLICIT_RETAIN_SELF = YES;
				CLANG_WARN_OBJC_LITERAL_CONVERSION = YES;
				CLANG_WARN_OBJC_ROOT_CLASS = YES_ERROR;
				CLANG_WARN_QUOTED_INCLUDE_IN_FRAMEWORK_HEADER = YES;
				CLANG_WARN_RANGE_LOOP_ANALYSIS = YES;
				CLANG_WARN_STRICT_PROTOTYPES = YES;
				CLANG_WARN_SUSPICIOUS_MOVE = YES;
				CLANG_WARN_UNGUARDED_AVAILABILITY = YES_AGGRESSIVE;
				CLANG_WARN_UNREACHABLE_CODE = YES;
				CLANG_WARN__DUPLICATE_METHOD_MATCH = YES;
				COPY_PHASE_STRIP = NO;
				DEBUG_INFORMATION_FORMAT = "dwarf-with-dsym";
				ENABLE_NS_ASSERTIONS = NO;
				ENABLE_STRICT_OBJC_MSGSEND = YES;
				GCC_C_LANGUAGE_STANDARD = gnu11;
				GCC_NO_COMMON_BLOCKS = YES;
				GCC_WARN_64_TO_32_BIT_CONVERSION = YES;
				GCC_WARN_ABOUT_RETURN_TYPE = YES_ERROR;
				GCC_WARN_UNDECLARED_SELECTOR = YES;
				GCC_WARN_UNINITIALIZED_AUTOS = YES_AGGRESSIVE;
				GCC_WARN_UNUSED_FUNCTION = YES;
				GCC_WARN_UNUSED_VARIABLE = YES;
				IPHONEOS_DEPLOYMENT_TARGET = 14.5;
				MTL_ENABLE_DEBUG_INFO = NO;
				MTL_FAST_MATH = YES;
				SDKROOT = iphoneos;
				SWIFT_COMPILATION_MODE = wholemodule;
				SWIFT_OPTIMIZATION_LEVEL = "-O";
				VALIDATE_PRODUCT = YES;
			};
			name = Release;
		};
		C68847DC27279600001B5E9B /* Debug */ = {
			isa = XCBuildConfiguration;
			buildSettings = {
				ASSETCATALOG_COMPILER_APPICON_NAME = AppIcon;
				ASSETCATALOG_COMPILER_GLOBAL_ACCENT_COLOR_NAME = AccentColor;
				CODE_SIGN_STYLE = Automatic;
				DEVELOPMENT_ASSET_PATHS = "\"FirebaseRealTimeChatDemo/Preview Content\"";
				DEVELOPMENT_TEAM = 4T3YH8QRH3;
				ENABLE_PREVIEWS = YES;
				INFOPLIST_FILE = FirebaseRealTimeChatDemo/Info.plist;
				IPHONEOS_DEPLOYMENT_TARGET = 14.0;
				LD_RUNPATH_SEARCH_PATHS = (
					"$(inherited)",
					"@executable_path/Frameworks",
				);
				PRODUCT_BUNDLE_IDENTIFIER = com.yorch.FirebaseRealTimeChatDemo;
				PRODUCT_NAME = "$(TARGET_NAME)";
				SWIFT_VERSION = 5.0;
				TARGETED_DEVICE_FAMILY = "1,2";
			};
			name = Debug;
		};
		C68847DD27279600001B5E9B /* Release */ = {
			isa = XCBuildConfiguration;
			buildSettings = {
				ASSETCATALOG_COMPILER_APPICON_NAME = AppIcon;
				ASSETCATALOG_COMPILER_GLOBAL_ACCENT_COLOR_NAME = AccentColor;
				CODE_SIGN_STYLE = Automatic;
				DEVELOPMENT_ASSET_PATHS = "\"FirebaseRealTimeChatDemo/Preview Content\"";
				DEVELOPMENT_TEAM = 4T3YH8QRH3;
				ENABLE_PREVIEWS = YES;
				INFOPLIST_FILE = FirebaseRealTimeChatDemo/Info.plist;
				IPHONEOS_DEPLOYMENT_TARGET = 14.0;
				LD_RUNPATH_SEARCH_PATHS = (
					"$(inherited)",
					"@executable_path/Frameworks",
				);
				PRODUCT_BUNDLE_IDENTIFIER = com.yorch.FirebaseRealTimeChatDemo;
				PRODUCT_NAME = "$(TARGET_NAME)";
				SWIFT_VERSION = 5.0;
				TARGETED_DEVICE_FAMILY = "1,2";
			};
			name = Release;
		};
/* End XCBuildConfiguration section */

/* Begin XCConfigurationList section */
		C68847C7272795FF001B5E9B /* Build configuration list for PBXProject "FirebaseRealTimeChatDemo" */ = {
			isa = XCConfigurationList;
			buildConfigurations = (
				C68847D927279600001B5E9B /* Debug */,
				C68847DA27279600001B5E9B /* Release */,
			);
			defaultConfigurationIsVisible = 0;
			defaultConfigurationName = Release;
		};
		C68847DB27279600001B5E9B /* Build configuration list for PBXNativeTarget "FirebaseRealTimeChatDemo" */ = {
			isa = XCConfigurationList;
			buildConfigurations = (
				C68847DC27279600001B5E9B /* Debug */,
				C68847DD27279600001B5E9B /* Release */,
			);
			defaultConfigurationIsVisible = 0;
			defaultConfigurationName = Release;
		};
/* End XCConfigurationList section */

/* Begin XCRemoteSwiftPackageReference section */
		C649E5CE2728F66F0086E5CC /* XCRemoteSwiftPackageReference "firebase-ios-sdk" */ = {
			isa = XCRemoteSwiftPackageReference;
			repositoryURL = "https://github.com/firebase/firebase-ios-sdk.git";
			requirement = {
				kind = upToNextMajorVersion;
				minimumVersion = 8.0.0;
			};
		};
/* End XCRemoteSwiftPackageReference section */

/* Begin XCSwiftPackageProductDependency section */
		C649E5CF2728F66F0086E5CC /* FirebaseAuth */ = {
			isa = XCSwiftPackageProductDependency;
			package = C649E5CE2728F66F0086E5CC /* XCRemoteSwiftPackageReference "firebase-ios-sdk" */;
			productName = FirebaseAuth;
		};
		C649E5D12728F66F0086E5CC /* FirebaseStorage */ = {
			isa = XCSwiftPackageProductDependency;
			package = C649E5CE2728F66F0086E5CC /* XCRemoteSwiftPackageReference "firebase-ios-sdk" */;
			productName = FirebaseStorage;
		};
/* End XCSwiftPackageProductDependency section */
	};
	rootObject = C68847C4272795FF001B5E9B /* Project object */;
}
